// !$*UTF8*$!
{
	archiveVersion = 1;
	classes = {
	};
	objectVersion = 56;
	objects = {

/* Begin PBXBuildFile section */
		9901667D2A157B7D004B2AAA /* AppDelegate.swift in Sources */ = {isa = PBXBuildFile; fileRef = 9901667C2A157B7D004B2AAA /* AppDelegate.swift */; };
		9901667F2A157B7D004B2AAA /* SceneDelegate.swift in Sources */ = {isa = PBXBuildFile; fileRef = 9901667E2A157B7D004B2AAA /* SceneDelegate.swift */; };
		990166812A157B7D004B2AAA /* ViewController.swift in Sources */ = {isa = PBXBuildFile; fileRef = 990166802A157B7D004B2AAA /* ViewController.swift */; };
		990166842A157B7D004B2AAA /* Main.storyboard in Resources */ = {isa = PBXBuildFile; fileRef = 990166822A157B7D004B2AAA /* Main.storyboard */; };
		990166862A157B7E004B2AAA /* Assets.xcassets in Resources */ = {isa = PBXBuildFile; fileRef = 990166852A157B7E004B2AAA /* Assets.xcassets */; };
		990166892A157B7E004B2AAA /* LaunchScreen.storyboard in Resources */ = {isa = PBXBuildFile; fileRef = 990166872A157B7E004B2AAA /* LaunchScreen.storyboard */; };
		99108F9D2A1CC37700B181F3 /* ProfileHeaderView.swift in Sources */ = {isa = PBXBuildFile; fileRef = 99108F9C2A1CC37700B181F3 /* ProfileHeaderView.swift */; };
		9963EFE92A177560003B84E5 /* ProfileViewController.swift in Sources */ = {isa = PBXBuildFile; fileRef = 9963EFE82A177560003B84E5 /* ProfileViewController.swift */; };
		9963EFEB2A17756A003B84E5 /* FeedViewController.swift in Sources */ = {isa = PBXBuildFile; fileRef = 9963EFEA2A17756A003B84E5 /* FeedViewController.swift */; };
		9963EFED2A177652003B84E5 /* PostViewController.swift in Sources */ = {isa = PBXBuildFile; fileRef = 9963EFEC2A177652003B84E5 /* PostViewController.swift */; };
		9963EFEF2A177676003B84E5 /* Post.swift in Sources */ = {isa = PBXBuildFile; fileRef = 9963EFEE2A177676003B84E5 /* Post.swift */; };
		9963EFF12A1776F7003B84E5 /* InfoViewController.swift in Sources */ = {isa = PBXBuildFile; fileRef = 9963EFF02A1776F7003B84E5 /* InfoViewController.swift */; };
		99C3A5BA2A27909C004B590D /* LogInViewController.swift in Sources */ = {isa = PBXBuildFile; fileRef = 99C3A5B92A27909C004B590D /* LogInViewController.swift */; };
/* End PBXBuildFile section */

/* Begin PBXFileReference section */
		990166792A157B7D004B2AAA /* Navigation.app */ = {isa = PBXFileReference; explicitFileType = wrapper.application; includeInIndex = 0; path = Navigation.app; sourceTree = BUILT_PRODUCTS_DIR; };
		9901667C2A157B7D004B2AAA /* AppDelegate.swift */ = {isa = PBXFileReference; lastKnownFileType = sourcecode.swift; path = AppDelegate.swift; sourceTree = "<group>"; };
		9901667E2A157B7D004B2AAA /* SceneDelegate.swift */ = {isa = PBXFileReference; lastKnownFileType = sourcecode.swift; path = SceneDelegate.swift; sourceTree = "<group>"; };
		990166802A157B7D004B2AAA /* ViewController.swift */ = {isa = PBXFileReference; lastKnownFileType = sourcecode.swift; path = ViewController.swift; sourceTree = "<group>"; };
		990166832A157B7D004B2AAA /* Base */ = {isa = PBXFileReference; lastKnownFileType = file.storyboard; name = Base; path = Base.lproj/Main.storyboard; sourceTree = "<group>"; };
		990166852A157B7E004B2AAA /* Assets.xcassets */ = {isa = PBXFileReference; lastKnownFileType = folder.assetcatalog; path = Assets.xcassets; sourceTree = "<group>"; };
		990166882A157B7E004B2AAA /* Base */ = {isa = PBXFileReference; lastKnownFileType = file.storyboard; name = Base; path = Base.lproj/LaunchScreen.storyboard; sourceTree = "<group>"; };
		9901668A2A157B7E004B2AAA /* Info.plist */ = {isa = PBXFileReference; lastKnownFileType = text.plist.xml; path = Info.plist; sourceTree = "<group>"; };
		99108F9C2A1CC37700B181F3 /* ProfileHeaderView.swift */ = {isa = PBXFileReference; lastKnownFileType = sourcecode.swift; path = ProfileHeaderView.swift; sourceTree = "<group>"; };
		9963EFE82A177560003B84E5 /* ProfileViewController.swift */ = {isa = PBXFileReference; lastKnownFileType = sourcecode.swift; path = ProfileViewController.swift; sourceTree = "<group>"; };
		9963EFEA2A17756A003B84E5 /* FeedViewController.swift */ = {isa = PBXFileReference; lastKnownFileType = sourcecode.swift; path = FeedViewController.swift; sourceTree = "<group>"; };
		9963EFEC2A177652003B84E5 /* PostViewController.swift */ = {isa = PBXFileReference; lastKnownFileType = sourcecode.swift; path = PostViewController.swift; sourceTree = "<group>"; };
		9963EFEE2A177676003B84E5 /* Post.swift */ = {isa = PBXFileReference; lastKnownFileType = sourcecode.swift; path = Post.swift; sourceTree = "<group>"; };
		9963EFF02A1776F7003B84E5 /* InfoViewController.swift */ = {isa = PBXFileReference; lastKnownFileType = sourcecode.swift; path = InfoViewController.swift; sourceTree = "<group>"; };
		99C3A5B92A27909C004B590D /* LogInViewController.swift */ = {isa = PBXFileReference; lastKnownFileType = sourcecode.swift; path = LogInViewController.swift; sourceTree = "<group>"; };
/* End PBXFileReference section */

/* Begin PBXFrameworksBuildPhase section */
		990166762A157B7D004B2AAA /* Frameworks */ = {
			isa = PBXFrameworksBuildPhase;
			buildActionMask = 2147483647;
			files = (
			);
			runOnlyForDeploymentPostprocessing = 0;
		};
/* End PBXFrameworksBuildPhase section */

/* Begin PBXGroup section */
		990166702A157B7D004B2AAA = {
			isa = PBXGroup;
			children = (
				9901667B2A157B7D004B2AAA /* Navigation */,
				9901667A2A157B7D004B2AAA /* Products */,
			);
			sourceTree = "<group>";
		};
		9901667A2A157B7D004B2AAA /* Products */ = {
			isa = PBXGroup;
			children = (
				990166792A157B7D004B2AAA /* Navigation.app */,
			);
			name = Products;
			sourceTree = "<group>";
		};
		9901667B2A157B7D004B2AAA /* Navigation */ = {
			isa = PBXGroup;
			children = (
				99108F9B2A1CC35600B181F3 /* profile */,
				9963EFF02A1776F7003B84E5 /* InfoViewController.swift */,
				9963EFEE2A177676003B84E5 /* Post.swift */,
				9963EFEC2A177652003B84E5 /* PostViewController.swift */,
				99C3A5B92A27909C004B590D /* LogInViewController.swift */,
				9901667C2A157B7D004B2AAA /* AppDelegate.swift */,
				9901667E2A157B7D004B2AAA /* SceneDelegate.swift */,
				9963EFEA2A17756A003B84E5 /* FeedViewController.swift */,
				990166802A157B7D004B2AAA /* ViewController.swift */,
				990166822A157B7D004B2AAA /* Main.storyboard */,
				990166852A157B7E004B2AAA /* Assets.xcassets */,
				990166872A157B7E004B2AAA /* LaunchScreen.storyboard */,
				9901668A2A157B7E004B2AAA /* Info.plist */,
			);
			path = Navigation;
			sourceTree = "<group>";
		};
		99108F9B2A1CC35600B181F3 /* profile */ = {
			isa = PBXGroup;
			children = (
				9963EFE82A177560003B84E5 /* ProfileViewController.swift */,
				99108F9C2A1CC37700B181F3 /* ProfileHeaderView.swift */,
			);
			path = profile;
			sourceTree = "<group>";
		};
/* End PBXGroup section */

/* Begin PBXNativeTarget section */
		990166782A157B7D004B2AAA /* Navigation */ = {
			isa = PBXNativeTarget;
			buildConfigurationList = 9901668D2A157B7E004B2AAA /* Build configuration list for PBXNativeTarget "Navigation" */;
			buildPhases = (
				990166752A157B7D004B2AAA /* Sources */,
				990166762A157B7D004B2AAA /* Frameworks */,
				990166772A157B7D004B2AAA /* Resources */,
			);
			buildRules = (
			);
			dependencies = (
			);
			name = Navigation;
			productName = Navigation;
			productReference = 990166792A157B7D004B2AAA /* Navigation.app */;
			productType = "com.apple.product-type.application";
		};
/* End PBXNativeTarget section */

/* Begin PBXProject section */
		990166712A157B7D004B2AAA /* Project object */ = {
			isa = PBXProject;
			attributes = {
				BuildIndependentTargetsInParallel = 1;
				LastSwiftUpdateCheck = 1430;
				LastUpgradeCheck = 1430;
				TargetAttributes = {
					990166782A157B7D004B2AAA = {
						CreatedOnToolsVersion = 14.3;
					};
				};
			};
			buildConfigurationList = 990166742A157B7D004B2AAA /* Build configuration list for PBXProject "Navigation" */;
			compatibilityVersion = "Xcode 14.0";
			developmentRegion = en;
			hasScannedForEncodings = 0;
			knownRegions = (
				en,
				Base,
			);
			mainGroup = 990166702A157B7D004B2AAA;
			productRefGroup = 9901667A2A157B7D004B2AAA /* Products */;
			projectDirPath = "";
			projectRoot = "";
			targets = (
				990166782A157B7D004B2AAA /* Navigation */,
			);
		};
/* End PBXProject section */

/* Begin PBXResourcesBuildPhase section */
		990166772A157B7D004B2AAA /* Resources */ = {
			isa = PBXResourcesBuildPhase;
			buildActionMask = 2147483647;
			files = (
				990166892A157B7E004B2AAA /* LaunchScreen.storyboard in Resources */,
				990166862A157B7E004B2AAA /* Assets.xcassets in Resources */,
				990166842A157B7D004B2AAA /* Main.storyboard in Resources */,
			);
			runOnlyForDeploymentPostprocessing = 0;
		};
/* End PBXResourcesBuildPhase section */

/* Begin PBXSourcesBuildPhase section */
		990166752A157B7D004B2AAA /* Sources */ = {
			isa = PBXSourcesBuildPhase;
			buildActionMask = 2147483647;
			files = (
				9963EFED2A177652003B84E5 /* PostViewController.swift in Sources */,
				990166812A157B7D004B2AAA /* ViewController.swift in Sources */,
				9901667D2A157B7D004B2AAA /* AppDelegate.swift in Sources */,
				9963EFEB2A17756A003B84E5 /* FeedViewController.swift in Sources */,
				99108F9D2A1CC37700B181F3 /* ProfileHeaderView.swift in Sources */,
				9963EFE92A177560003B84E5 /* ProfileViewController.swift in Sources */,
				9963EFEF2A177676003B84E5 /* Post.swift in Sources */,
				9963EFF12A1776F7003B84E5 /* InfoViewController.swift in Sources */,
				99C3A5BA2A27909C004B590D /* LogInViewController.swift in Sources */,
				9901667F2A157B7D004B2AAA /* SceneDelegate.swift in Sources */,
			);
			runOnlyForDeploymentPostprocessing = 0;
		};
/* End PBXSourcesBuildPhase section */

/* Begin PBXVariantGroup section */
		990166822A157B7D004B2AAA /* Main.storyboard */ = {
			isa = PBXVariantGroup;
			children = (
				990166832A157B7D004B2AAA /* Base */,
			);
			name = Main.storyboard;
			sourceTree = "<group>";
		};
		990166872A157B7E004B2AAA /* LaunchScreen.storyboard */ = {
			isa = PBXVariantGroup;
			children = (
				990166882A157B7E004B2AAA /* Base */,
			);
			name = LaunchScreen.storyboard;
			sourceTree = "<group>";
		};
/* End PBXVariantGroup section */

/* Begin XCBuildConfiguration section */
		9901668B2A157B7E004B2AAA /* Debug */ = {
			isa = XCBuildConfiguration;
			buildSettings = {
				ALWAYS_SEARCH_USER_PATHS = NO;
				CLANG_ANALYZER_NONNULL = YES;
				CLANG_ANALYZER_NUMBER_OBJECT_CONVERSION = YES_AGGRESSIVE;
				CLANG_CXX_LANGUAGE_STANDARD = "gnu++20";
				CLANG_ENABLE_MODULES = YES;
				CLANG_ENABLE_OBJC_ARC = YES;
				CLANG_ENABLE_OBJC_WEAK = YES;
				CLANG_WARN_BLOCK_CAPTURE_AUTORELEASING = YES;
				CLANG_WARN_BOOL_CONVERSION = YES;
				CLANG_WARN_COMMA = YES;
				CLANG_WARN_CONSTANT_CONVERSION = YES;
				CLANG_WARN_DEPRECATED_OBJC_IMPLEMENTATIONS = YES;
				CLANG_WARN_DIRECT_OBJC_ISA_USAGE = YES_ERROR;
				CLANG_WARN_DOCUMENTATION_COMMENTS = YES;
				CLANG_WARN_EMPTY_BODY = YES;
				CLANG_WARN_ENUM_CONVERSION = YES;
				CLANG_WARN_INFINITE_RECURSION = YES;
				CLANG_WARN_INT_CONVERSION = YES;
				CLANG_WARN_NON_LITERAL_NULL_CONVERSION = YES;
				CLANG_WARN_OBJC_IMPLICIT_RETAIN_SELF = YES;
				CLANG_WARN_OBJC_LITERAL_CONVERSION = YES;
				CLANG_WARN_OBJC_ROOT_CLASS = YES_ERROR;
				CLANG_WARN_QUOTED_INCLUDE_IN_FRAMEWORK_HEADER = YES;
				CLANG_WARN_RANGE_LOOP_ANALYSIS = YES;
				CLANG_WARN_STRICT_PROTOTYPES = YES;
				CLANG_WARN_SUSPICIOUS_MOVE = YES;
				CLANG_WARN_UNGUARDED_AVAILABILITY = YES_AGGRESSIVE;
				CLANG_WARN_UNREACHABLE_CODE = YES;
				CLANG_WARN__DUPLICATE_METHOD_MATCH = YES;
				COPY_PHASE_STRIP = NO;
				DEBUG_INFORMATION_FORMAT = dwarf;
				ENABLE_STRICT_OBJC_MSGSEND = YES;
				ENABLE_TESTABILITY = YES;
				GCC_C_LANGUAGE_STANDARD = gnu11;
				GCC_DYNAMIC_NO_PIC = NO;
				GCC_NO_COMMON_BLOCKS = YES;
				GCC_OPTIMIZATION_LEVEL = 0;
				GCC_PREPROCESSOR_DEFINITIONS = (
					"DEBUG=1",
					"$(inherited)",
				);
				GCC_WARN_64_TO_32_BIT_CONVERSION = YES;
				GCC_WARN_ABOUT_RETURN_TYPE = YES_ERROR;
				GCC_WARN_UNDECLARED_SELECTOR = YES;
				GCC_WARN_UNINITIALIZED_AUTOS = YES_AGGRESSIVE;
				GCC_WARN_UNUSED_FUNCTION = YES;
				GCC_WARN_UNUSED_VARIABLE = YES;
				IPHONEOS_DEPLOYMENT_TARGET = 16.4;
				MTL_ENABLE_DEBUG_INFO = INCLUDE_SOURCE;
				MTL_FAST_MATH = YES;
				ONLY_ACTIVE_ARCH = YES;
				SDKROOT = iphoneos;
				SWIFT_ACTIVE_COMPILATION_CONDITIONS = DEBUG;
				SWIFT_OPTIMIZATION_LEVEL = "-Onone";
			};
			name = Debug;
		};
		9901668C2A157B7E004B2AAA /* Release */ = {
			isa = XCBuildConfiguration;
			buildSettings = {
				ALWAYS_SEARCH_USER_PATHS = NO;
				CLANG_ANALYZER_NONNULL = YES;
				CLANG_ANALYZER_NUMBER_OBJECT_CONVERSION = YES_AGGRESSIVE;
				CLANG_CXX_LANGUAGE_STANDARD = "gnu++20";
				CLANG_ENABLE_MODULES = YES;
				CLANG_ENABLE_OBJC_ARC = YES;
				CLANG_ENABLE_OBJC_WEAK = YES;
				CLANG_WARN_BLOCK_CAPTURE_AUTORELEASING = YES;
				CLANG_WARN_BOOL_CONVERSION = YES;
				CLANG_WARN_COMMA = YES;
				CLANG_WARN_CONSTANT_CONVERSION = YES;
				CLANG_WARN_DEPRECATED_OBJC_IMPLEMENTATIONS = YES;
				CLANG_WARN_DIRECT_OBJC_ISA_USAGE = YES_ERROR;
				CLANG_WARN_DOCUMENTATION_COMMENTS = YES;
				CLANG_WARN_EMPTY_BODY = YES;
				CLANG_WARN_ENUM_CONVERSION = YES;
				CLANG_WARN_INFINITE_RECURSION = YES;
				CLANG_WARN_INT_CONVERSION = YES;
				CLANG_WARN_NON_LITERAL_NULL_CONVERSION = YES;
				CLANG_WARN_OBJC_IMPLICIT_RETAIN_SELF = YES;
				CLANG_WARN_OBJC_LITERAL_CONVERSION = YES;
				CLANG_WARN_OBJC_ROOT_CLASS = YES_ERROR;
				CLANG_WARN_QUOTED_INCLUDE_IN_FRAMEWORK_HEADER = YES;
				CLANG_WARN_RANGE_LOOP_ANALYSIS = YES;
				CLANG_WARN_STRICT_PROTOTYPES = YES;
				CLANG_WARN_SUSPICIOUS_MOVE = YES;
				CLANG_WARN_UNGUARDED_AVAILABILITY = YES_AGGRESSIVE;
				CLANG_WARN_UNREACHABLE_CODE = YES;
				CLANG_WARN__DUPLICATE_METHOD_MATCH = YES;
				COPY_PHASE_STRIP = NO;
				DEBUG_INFORMATION_FORMAT = "dwarf-with-dsym";
				ENABLE_NS_ASSERTIONS = NO;
				ENABLE_STRICT_OBJC_MSGSEND = YES;
				GCC_C_LANGUAGE_STANDARD = gnu11;
				GCC_NO_COMMON_BLOCKS = YES;
				GCC_WARN_64_TO_32_BIT_CONVERSION = YES;
				GCC_WARN_ABOUT_RETURN_TYPE = YES_ERROR;
				GCC_WARN_UNDECLARED_SELECTOR = YES;
				GCC_WARN_UNINITIALIZED_AUTOS = YES_AGGRESSIVE;
				GCC_WARN_UNUSED_FUNCTION = YES;
				GCC_WARN_UNUSED_VARIABLE = YES;
				IPHONEOS_DEPLOYMENT_TARGET = 16.4;
				MTL_ENABLE_DEBUG_INFO = NO;
				MTL_FAST_MATH = YES;
				SDKROOT = iphoneos;
				SWIFT_COMPILATION_MODE = wholemodule;
				SWIFT_OPTIMIZATION_LEVEL = "-O";
				VALIDATE_PRODUCT = YES;
			};
			name = Release;
		};
		9901668E2A157B7E004B2AAA /* Debug */ = {
			isa = XCBuildConfiguration;
			buildSettings = {
				ASSETCATALOG_COMPILER_APPICON_NAME = AppIcon;
				ASSETCATALOG_COMPILER_GLOBAL_ACCENT_COLOR_NAME = AccentColor;
				CODE_SIGN_STYLE = Automatic;
				CURRENT_PROJECT_VERSION = 1;
				GENERATE_INFOPLIST_FILE = YES;
				INFOPLIST_FILE = Navigation/Info.plist;
				INFOPLIST_KEY_UIApplicationSupportsIndirectInputEvents = YES;
				INFOPLIST_KEY_UILaunchStoryboardName = LaunchScreen;
				INFOPLIST_KEY_UISupportedInterfaceOrientations_iPad = "UIInterfaceOrientationPortrait UIInterfaceOrientationPortraitUpsideDown UIInterfaceOrientationLandscapeLeft UIInterfaceOrientationLandscapeRight";
				INFOPLIST_KEY_UISupportedInterfaceOrientations_iPhone = "UIInterfaceOrientationPortrait UIInterfaceOrientationLandscapeLeft UIInterfaceOrientationLandscapeRight";
				LD_RUNPATH_SEARCH_PATHS = (
					"$(inherited)",
					"@executable_path/Frameworks",
				);
				MARKETING_VERSION = 1.0;
				PRODUCT_BUNDLE_IDENTIFIER = VicherBencion.Navigation;
				PRODUCT_NAME = "$(TARGET_NAME)";
				SWIFT_EMIT_LOC_STRINGS = YES;
				SWIFT_VERSION = 5.0;
				TARGETED_DEVICE_FAMILY = "1,2";
			};
			name = Debug;
		};
		9901668F2A157B7E004B2AAA /* Release */ = {
			isa = XCBuildConfiguration;
			buildSettings = {
				ASSETCATALOG_COMPILER_APPICON_NAME = AppIcon;
				ASSETCATALOG_COMPILER_GLOBAL_ACCENT_COLOR_NAME = AccentColor;
				CODE_SIGN_STYLE = Automatic;
				CURRENT_PROJECT_VERSION = 1;
				GENERATE_INFOPLIST_FILE = YES;
				INFOPLIST_FILE = Navigation/Info.plist;
				INFOPLIST_KEY_UIApplicationSupportsIndirectInputEvents = YES;
				INFOPLIST_KEY_UILaunchStoryboardName = LaunchScreen;
				INFOPLIST_KEY_UISupportedInterfaceOrientations_iPad = "UIInterfaceOrientationPortrait UIInterfaceOrientationPortraitUpsideDown UIInterfaceOrientationLandscapeLeft UIInterfaceOrientationLandscapeRight";
				INFOPLIST_KEY_UISupportedInterfaceOrientations_iPhone = "UIInterfaceOrientationPortrait UIInterfaceOrientationLandscapeLeft UIInterfaceOrientationLandscapeRight";
				LD_RUNPATH_SEARCH_PATHS = (
					"$(inherited)",
					"@executable_path/Frameworks",
				);
				MARKETING_VERSION = 1.0;
				PRODUCT_BUNDLE_IDENTIFIER = VicherBencion.Navigation;
				PRODUCT_NAME = "$(TARGET_NAME)";
				SWIFT_EMIT_LOC_STRINGS = YES;
				SWIFT_VERSION = 5.0;
				TARGETED_DEVICE_FAMILY = "1,2";
			};
			name = Release;
		};
/* End XCBuildConfiguration section */

/* Begin XCConfigurationList section */
		990166742A157B7D004B2AAA /* Build configuration list for PBXProject "Navigation" */ = {
			isa = XCConfigurationList;
			buildConfigurations = (
				9901668B2A157B7E004B2AAA /* Debug */,
				9901668C2A157B7E004B2AAA /* Release */,
			);
			defaultConfigurationIsVisible = 0;
			defaultConfigurationName = Release;
		};
		9901668D2A157B7E004B2AAA /* Build configuration list for PBXNativeTarget "Navigation" */ = {
			isa = XCConfigurationList;
			buildConfigurations = (
				9901668E2A157B7E004B2AAA /* Debug */,
				9901668F2A157B7E004B2AAA /* Release */,
			);
			defaultConfigurationIsVisible = 0;
			defaultConfigurationName = Release;
		};
/* End XCConfigurationList section */
	};
	rootObject = 990166712A157B7D004B2AAA /* Project object */;
}
